// !$*UTF8*$!
{
	archiveVersion = 1;
	classes = {
	};
	objectVersion = 50;
	objects = {

/* Begin PBXBuildFile section */
		1844C8FC2555654600C69991 /* AppDelegate.swift in Sources */ = {isa = PBXBuildFile; fileRef = 1844C8FB2555654600C69991 /* AppDelegate.swift */; };
		1844C8FE2555654600C69991 /* SceneDelegate.swift in Sources */ = {isa = PBXBuildFile; fileRef = 1844C8FD2555654600C69991 /* SceneDelegate.swift */; };
		1844C9002555654600C69991 /* ViewController.swift in Sources */ = {isa = PBXBuildFile; fileRef = 1844C8FF2555654600C69991 /* ViewController.swift */; };
		1844C9032555654600C69991 /* Main.storyboard in Resources */ = {isa = PBXBuildFile; fileRef = 1844C9012555654600C69991 /* Main.storyboard */; };
		1844C9052555654800C69991 /* Assets.xcassets in Resources */ = {isa = PBXBuildFile; fileRef = 1844C9042555654800C69991 /* Assets.xcassets */; };
		1844C9082555654800C69991 /* LaunchScreen.storyboard in Resources */ = {isa = PBXBuildFile; fileRef = 1844C9062555654800C69991 /* LaunchScreen.storyboard */; };
		1844C9132555654900C69991 /* codable__Tests.swift in Sources */ = {isa = PBXBuildFile; fileRef = 1844C9122555654900C69991 /* codable__Tests.swift */; };
		1844C91E2555654900C69991 /* codable__UITests.swift in Sources */ = {isa = PBXBuildFile; fileRef = 1844C91D2555654900C69991 /* codable__UITests.swift */; };
		1844C92F2555655F00C69991 /* Person.swift in Sources */ = {isa = PBXBuildFile; fileRef = 1844C92E2555655F00C69991 /* Person.swift */; };
/* End PBXBuildFile section */

/* Begin PBXContainerItemProxy section */
		1844C90F2555654900C69991 /* PBXContainerItemProxy */ = {
			isa = PBXContainerItemProxy;
			containerPortal = 1844C8F02555654600C69991 /* Project object */;
			proxyType = 1;
			remoteGlobalIDString = 1844C8F72555654600C69991;
			remoteInfo = "codable使用";
		};
		1844C91A2555654900C69991 /* PBXContainerItemProxy */ = {
			isa = PBXContainerItemProxy;
			containerPortal = 1844C8F02555654600C69991 /* Project object */;
			proxyType = 1;
			remoteGlobalIDString = 1844C8F72555654600C69991;
			remoteInfo = "codable使用";
		};
/* End PBXContainerItemProxy section */

/* Begin PBXFileReference section */
		1844C8F82555654600C69991 /* codable使用.app */ = {isa = PBXFileReference; explicitFileType = wrapper.application; includeInIndex = 0; path = "codable使用.app"; sourceTree = BUILT_PRODUCTS_DIR; };
		1844C8FB2555654600C69991 /* AppDelegate.swift */ = {isa = PBXFileReference; lastKnownFileType = sourcecode.swift; path = AppDelegate.swift; sourceTree = "<group>"; };
		1844C8FD2555654600C69991 /* SceneDelegate.swift */ = {isa = PBXFileReference; lastKnownFileType = sourcecode.swift; path = SceneDelegate.swift; sourceTree = "<group>"; };
		1844C8FF2555654600C69991 /* ViewController.swift */ = {isa = PBXFileReference; lastKnownFileType = sourcecode.swift; path = ViewController.swift; sourceTree = "<group>"; };
		1844C9022555654600C69991 /* Base */ = {isa = PBXFileReference; lastKnownFileType = file.storyboard; name = Base; path = Base.lproj/Main.storyboard; sourceTree = "<group>"; };
		1844C9042555654800C69991 /* Assets.xcassets */ = {isa = PBXFileReference; lastKnownFileType = folder.assetcatalog; path = Assets.xcassets; sourceTree = "<group>"; };
		1844C9072555654800C69991 /* Base */ = {isa = PBXFileReference; lastKnownFileType = file.storyboard; name = Base; path = Base.lproj/LaunchScreen.storyboard; sourceTree = "<group>"; };
		1844C9092555654800C69991 /* Info.plist */ = {isa = PBXFileReference; lastKnownFileType = text.plist.xml; path = Info.plist; sourceTree = "<group>"; };
		1844C90E2555654900C69991 /* codable使用Tests.xctest */ = {isa = PBXFileReference; explicitFileType = wrapper.cfbundle; includeInIndex = 0; path = "codable使用Tests.xctest"; sourceTree = BUILT_PRODUCTS_DIR; };
		1844C9122555654900C69991 /* codable__Tests.swift */ = {isa = PBXFileReference; lastKnownFileType = sourcecode.swift; path = codable__Tests.swift; sourceTree = "<group>"; };
		1844C9142555654900C69991 /* Info.plist */ = {isa = PBXFileReference; lastKnownFileType = text.plist.xml; path = Info.plist; sourceTree = "<group>"; };
		1844C9192555654900C69991 /* codable使用UITests.xctest */ = {isa = PBXFileReference; explicitFileType = wrapper.cfbundle; includeInIndex = 0; path = "codable使用UITests.xctest"; sourceTree = BUILT_PRODUCTS_DIR; };
		1844C91D2555654900C69991 /* codable__UITests.swift */ = {isa = PBXFileReference; lastKnownFileType = sourcecode.swift; path = codable__UITests.swift; sourceTree = "<group>"; };
		1844C91F2555654900C69991 /* Info.plist */ = {isa = PBXFileReference; lastKnownFileType = text.plist.xml; path = Info.plist; sourceTree = "<group>"; };
		1844C92E2555655F00C69991 /* Person.swift */ = {isa = PBXFileReference; lastKnownFileType = sourcecode.swift; path = Person.swift; sourceTree = "<group>"; };
/* End PBXFileReference section */

/* Begin PBXFrameworksBuildPhase section */
		1844C8F52555654600C69991 /* Frameworks */ = {
			isa = PBXFrameworksBuildPhase;
			buildActionMask = 2147483647;
			files = (
			);
			runOnlyForDeploymentPostprocessing = 0;
		};
		1844C90B2555654900C69991 /* Frameworks */ = {
			isa = PBXFrameworksBuildPhase;
			buildActionMask = 2147483647;
			files = (
			);
			runOnlyForDeploymentPostprocessing = 0;
		};
		1844C9162555654900C69991 /* Frameworks */ = {
			isa = PBXFrameworksBuildPhase;
			buildActionMask = 2147483647;
			files = (
			);
			runOnlyForDeploymentPostprocessing = 0;
		};
/* End PBXFrameworksBuildPhase section */

/* Begin PBXGroup section */
		1844C8EF2555654600C69991 = {
			isa = PBXGroup;
			children = (
				1844C8FA2555654600C69991 /* codable使用 */,
				1844C9112555654900C69991 /* codable使用Tests */,
				1844C91C2555654900C69991 /* codable使用UITests */,
				1844C8F92555654600C69991 /* Products */,
			);
			indentWidth = 4;
			sourceTree = "<group>";
			tabWidth = 4;
		};
		1844C8F92555654600C69991 /* Products */ = {
			isa = PBXGroup;
			children = (
				1844C8F82555654600C69991 /* codable使用.app */,
				1844C90E2555654900C69991 /* codable使用Tests.xctest */,
				1844C9192555654900C69991 /* codable使用UITests.xctest */,
			);
			name = Products;
			sourceTree = "<group>";
		};
		1844C8FA2555654600C69991 /* codable使用 */ = {
			isa = PBXGroup;
			children = (
				1844C8FB2555654600C69991 /* AppDelegate.swift */,
				1844C8FD2555654600C69991 /* SceneDelegate.swift */,
				1844C8FF2555654600C69991 /* ViewController.swift */,
				1844C92E2555655F00C69991 /* Person.swift */,
				1844C9012555654600C69991 /* Main.storyboard */,
				1844C9042555654800C69991 /* Assets.xcassets */,
				1844C9062555654800C69991 /* LaunchScreen.storyboard */,
				1844C9092555654800C69991 /* Info.plist */,
			);
			path = "codable使用";
			sourceTree = "<group>";
		};
		1844C9112555654900C69991 /* codable使用Tests */ = {
			isa = PBXGroup;
			children = (
				1844C9122555654900C69991 /* codable__Tests.swift */,
				1844C9142555654900C69991 /* Info.plist */,
			);
			path = "codable使用Tests";
			sourceTree = "<group>";
		};
		1844C91C2555654900C69991 /* codable使用UITests */ = {
			isa = PBXGroup;
			children = (
				1844C91D2555654900C69991 /* codable__UITests.swift */,
				1844C91F2555654900C69991 /* Info.plist */,
			);
			path = "codable使用UITests";
			sourceTree = "<group>";
		};
/* End PBXGroup section */

/* Begin PBXNativeTarget section */
		1844C8F72555654600C69991 /* codable使用 */ = {
			isa = PBXNativeTarget;
			buildConfigurationList = 1844C9222555654900C69991 /* Build configuration list for PBXNativeTarget "codable使用" */;
			buildPhases = (
				1844C8F42555654600C69991 /* Sources */,
				1844C8F52555654600C69991 /* Frameworks */,
				1844C8F62555654600C69991 /* Resources */,
			);
			buildRules = (
			);
			dependencies = (
			);
			name = "codable使用";
			productName = "codable使用";
			productReference = 1844C8F82555654600C69991 /* codable使用.app */;
			productType = "com.apple.product-type.application";
		};
		1844C90D2555654900C69991 /* codable使用Tests */ = {
			isa = PBXNativeTarget;
			buildConfigurationList = 1844C9252555654900C69991 /* Build configuration list for PBXNativeTarget "codable使用Tests" */;
			buildPhases = (
				1844C90A2555654900C69991 /* Sources */,
				1844C90B2555654900C69991 /* Frameworks */,
				1844C90C2555654900C69991 /* Resources */,
			);
			buildRules = (
			);
			dependencies = (
				1844C9102555654900C69991 /* PBXTargetDependency */,
			);
			name = "codable使用Tests";
			productName = "codable使用Tests";
			productReference = 1844C90E2555654900C69991 /* codable使用Tests.xctest */;
			productType = "com.apple.product-type.bundle.unit-test";
		};
		1844C9182555654900C69991 /* codable使用UITests */ = {
			isa = PBXNativeTarget;
			buildConfigurationList = 1844C9282555654900C69991 /* Build configuration list for PBXNativeTarget "codable使用UITests" */;
			buildPhases = (
				1844C9152555654900C69991 /* Sources */,
				1844C9162555654900C69991 /* Frameworks */,
				1844C9172555654900C69991 /* Resources */,
			);
			buildRules = (
			);
			dependencies = (
				1844C91B2555654900C69991 /* PBXTargetDependency */,
			);
			name = "codable使用UITests";
			productName = "codable使用UITests";
			productReference = 1844C9192555654900C69991 /* codable使用UITests.xctest */;
			productType = "com.apple.product-type.bundle.ui-testing";
		};
/* End PBXNativeTarget section */

/* Begin PBXProject section */
		1844C8F02555654600C69991 /* Project object */ = {
			isa = PBXProject;
			attributes = {
				LastSwiftUpdateCheck = 1210;
				LastUpgradeCheck = 1210;
				TargetAttributes = {
					1844C8F72555654600C69991 = {
						CreatedOnToolsVersion = 12.1;
					};
					1844C90D2555654900C69991 = {
						CreatedOnToolsVersion = 12.1;
						TestTargetID = 1844C8F72555654600C69991;
					};
					1844C9182555654900C69991 = {
						CreatedOnToolsVersion = 12.1;
						TestTargetID = 1844C8F72555654600C69991;
					};
				};
			};
			buildConfigurationList = 1844C8F32555654600C69991 /* Build configuration list for PBXProject "codable使用" */;
			compatibilityVersion = "Xcode 9.3";
			developmentRegion = en;
			hasScannedForEncodings = 0;
			knownRegions = (
				en,
				Base,
			);
			mainGroup = 1844C8EF2555654600C69991;
			productRefGroup = 1844C8F92555654600C69991 /* Products */;
			projectDirPath = "";
			projectRoot = "";
			targets = (
				1844C8F72555654600C69991 /* codable使用 */,
				1844C90D2555654900C69991 /* codable使用Tests */,
				1844C9182555654900C69991 /* codable使用UITests */,
			);
		};
/* End PBXProject section */

/* Begin PBXResourcesBuildPhase section */
		1844C8F62555654600C69991 /* Resources */ = {
			isa = PBXResourcesBuildPhase;
			buildActionMask = 2147483647;
			files = (
				1844C9082555654800C69991 /* LaunchScreen.storyboard in Resources */,
				1844C9052555654800C69991 /* Assets.xcassets in Resources */,
				1844C9032555654600C69991 /* Main.storyboard in Resources */,
			);
			runOnlyForDeploymentPostprocessing = 0;
		};
		1844C90C2555654900C69991 /* Resources */ = {
			isa = PBXResourcesBuildPhase;
			buildActionMask = 2147483647;
			files = (
			);
			runOnlyForDeploymentPostprocessing = 0;
		};
		1844C9172555654900C69991 /* Resources */ = {
			isa = PBXResourcesBuildPhase;
			buildActionMask = 2147483647;
			files = (
			);
			runOnlyForDeploymentPostprocessing = 0;
		};
/* End PBXResourcesBuildPhase section */

/* Begin PBXSourcesBuildPhase section */
		1844C8F42555654600C69991 /* Sources */ = {
			isa = PBXSourcesBuildPhase;
			buildActionMask = 2147483647;
			files = (
				1844C9002555654600C69991 /* ViewController.swift in Sources */,
				1844C8FC2555654600C69991 /* AppDelegate.swift in Sources */,
				1844C92F2555655F00C69991 /* Person.swift in Sources */,
				1844C8FE2555654600C69991 /* SceneDelegate.swift in Sources */,
			);
			runOnlyForDeploymentPostprocessing = 0;
		};
		1844C90A2555654900C69991 /* Sources */ = {
			isa = PBXSourcesBuildPhase;
			buildActionMask = 2147483647;
			files = (
				1844C9132555654900C69991 /* codable__Tests.swift in Sources */,
			);
			runOnlyForDeploymentPostprocessing = 0;
		};
		1844C9152555654900C69991 /* Sources */ = {
			isa = PBXSourcesBuildPhase;
			buildActionMask = 2147483647;
			files = (
				1844C91E2555654900C69991 /* codable__UITests.swift in Sources */,
			);
			runOnlyForDeploymentPostprocessing = 0;
		};
/* End PBXSourcesBuildPhase section */

/* Begin PBXTargetDependency section */
		1844C9102555654900C69991 /* PBXTargetDependency */ = {
			isa = PBXTargetDependency;
			target = 1844C8F72555654600C69991 /* codable使用 */;
			targetProxy = 1844C90F2555654900C69991 /* PBXContainerItemProxy */;
		};
		1844C91B2555654900C69991 /* PBXTargetDependency */ = {
			isa = PBXTargetDependency;
			target = 1844C8F72555654600C69991 /* codable使用 */;
			targetProxy = 1844C91A2555654900C69991 /* PBXContainerItemProxy */;
		};
/* End PBXTargetDependency section */

/* Begin PBXVariantGroup section */
		1844C9012555654600C69991 /* Main.storyboard */ = {
			isa = PBXVariantGroup;
			children = (
				1844C9022555654600C69991 /* Base */,
			);
			name = Main.storyboard;
			sourceTree = "<group>";
		};
		1844C9062555654800C69991 /* LaunchScreen.storyboard */ = {
			isa = PBXVariantGroup;
			children = (
				1844C9072555654800C69991 /* Base */,
			);
			name = LaunchScreen.storyboard;
			sourceTree = "<group>";
		};
/* End PBXVariantGroup section */

/* Begin XCBuildConfiguration section */
		1844C9202555654900C69991 /* Debug */ = {
			isa = XCBuildConfiguration;
			buildSettings = {
				ALWAYS_SEARCH_USER_PATHS = NO;
				CLANG_ANALYZER_NONNULL = YES;
				CLANG_ANALYZER_NUMBER_OBJECT_CONVERSION = YES_AGGRESSIVE;
				CLANG_CXX_LANGUAGE_STANDARD = "gnu++14";
				CLANG_CXX_LIBRARY = "libc++";
				CLANG_ENABLE_MODULES = YES;
				CLANG_ENABLE_OBJC_ARC = YES;
				CLANG_ENABLE_OBJC_WEAK = YES;
				CLANG_WARN_BLOCK_CAPTURE_AUTORELEASING = YES;
				CLANG_WARN_BOOL_CONVERSION = YES;
				CLANG_WARN_COMMA = YES;
				CLANG_WARN_CONSTANT_CONVERSION = YES;
				CLANG_WARN_DEPRECATED_OBJC_IMPLEMENTATIONS = YES;
				CLANG_WARN_DIRECT_OBJC_ISA_USAGE = YES_ERROR;
				CLANG_WARN_DOCUMENTATION_COMMENTS = YES;
				CLANG_WARN_EMPTY_BODY = YES;
				CLANG_WARN_ENUM_CONVERSION = YES;
				CLANG_WARN_INFINITE_RECURSION = YES;
				CLANG_WARN_INT_CONVERSION = YES;
				CLANG_WARN_NON_LITERAL_NULL_CONVERSION = YES;
				CLANG_WARN_OBJC_IMPLICIT_RETAIN_SELF = YES;
				CLANG_WARN_OBJC_LITERAL_CONVERSION = YES;
				CLANG_WARN_OBJC_ROOT_CLASS = YES_ERROR;
				CLANG_WARN_QUOTED_INCLUDE_IN_FRAMEWORK_HEADER = YES;
				CLANG_WARN_RANGE_LOOP_ANALYSIS = YES;
				CLANG_WARN_STRICT_PROTOTYPES = YES;
				CLANG_WARN_SUSPICIOUS_MOVE = YES;
				CLANG_WARN_UNGUARDED_AVAILABILITY = YES_AGGRESSIVE;
				CLANG_WARN_UNREACHABLE_CODE = YES;
				CLANG_WARN__DUPLICATE_METHOD_MATCH = YES;
				COPY_PHASE_STRIP = NO;
				DEBUG_INFORMATION_FORMAT = dwarf;
				ENABLE_STRICT_OBJC_MSGSEND = YES;
				ENABLE_TESTABILITY = YES;
				GCC_C_LANGUAGE_STANDARD = gnu11;
				GCC_DYNAMIC_NO_PIC = NO;
				GCC_NO_COMMON_BLOCKS = YES;
				GCC_OPTIMIZATION_LEVEL = 0;
				GCC_PREPROCESSOR_DEFINITIONS = (
					"DEBUG=1",
					"$(inherited)",
				);
				GCC_WARN_64_TO_32_BIT_CONVERSION = YES;
				GCC_WARN_ABOUT_RETURN_TYPE = YES_ERROR;
				GCC_WARN_UNDECLARED_SELECTOR = YES;
				GCC_WARN_UNINITIALIZED_AUTOS = YES_AGGRESSIVE;
				GCC_WARN_UNUSED_FUNCTION = YES;
				GCC_WARN_UNUSED_VARIABLE = YES;
				IPHONEOS_DEPLOYMENT_TARGET = 14.1;
				MTL_ENABLE_DEBUG_INFO = INCLUDE_SOURCE;
				MTL_FAST_MATH = YES;
				ONLY_ACTIVE_ARCH = YES;
				SDKROOT = iphoneos;
				SWIFT_ACTIVE_COMPILATION_CONDITIONS = DEBUG;
				SWIFT_OPTIMIZATION_LEVEL = "-Onone";
			};
			name = Debug;
		};
		1844C9212555654900C69991 /* Release */ = {
			isa = XCBuildConfiguration;
			buildSettings = {
				ALWAYS_SEARCH_USER_PATHS = NO;
				CLANG_ANALYZER_NONNULL = YES;
				CLANG_ANALYZER_NUMBER_OBJECT_CONVERSION = YES_AGGRESSIVE;
				CLANG_CXX_LANGUAGE_STANDARD = "gnu++14";
				CLANG_CXX_LIBRARY = "libc++";
				CLANG_ENABLE_MODULES = YES;
				CLANG_ENABLE_OBJC_ARC = YES;
				CLANG_ENABLE_OBJC_WEAK = YES;
				CLANG_WARN_BLOCK_CAPTURE_AUTORELEASING = YES;
				CLANG_WARN_BOOL_CONVERSION = YES;
				CLANG_WARN_COMMA = YES;
				CLANG_WARN_CONSTANT_CONVERSION = YES;
				CLANG_WARN_DEPRECATED_OBJC_IMPLEMENTATIONS = YES;
				CLANG_WARN_DIRECT_OBJC_ISA_USAGE = YES_ERROR;
				CLANG_WARN_DOCUMENTATION_COMMENTS = YES;
				CLANG_WARN_EMPTY_BODY = YES;
				CLANG_WARN_ENUM_CONVERSION = YES;
				CLANG_WARN_INFINITE_RECURSION = YES;
				CLANG_WARN_INT_CONVERSION = YES;
				CLANG_WARN_NON_LITERAL_NULL_CONVERSION = YES;
				CLANG_WARN_OBJC_IMPLICIT_RETAIN_SELF = YES;
				CLANG_WARN_OBJC_LITERAL_CONVERSION = YES;
				CLANG_WARN_OBJC_ROOT_CLASS = YES_ERROR;
				CLANG_WARN_QUOTED_INCLUDE_IN_FRAMEWORK_HEADER = YES;
				CLANG_WARN_RANGE_LOOP_ANALYSIS = YES;
				CLANG_WARN_STRICT_PROTOTYPES = YES;
				CLANG_WARN_SUSPICIOUS_MOVE = YES;
				CLANG_WARN_UNGUARDED_AVAILABILITY = YES_AGGRESSIVE;
				CLANG_WARN_UNREACHABLE_CODE = YES;
				CLANG_WARN__DUPLICATE_METHOD_MATCH = YES;
				COPY_PHASE_STRIP = NO;
				DEBUG_INFORMATION_FORMAT = "dwarf-with-dsym";
				ENABLE_NS_ASSERTIONS = NO;
				ENABLE_STRICT_OBJC_MSGSEND = YES;
				GCC_C_LANGUAGE_STANDARD = gnu11;
				GCC_NO_COMMON_BLOCKS = YES;
				GCC_WARN_64_TO_32_BIT_CONVERSION = YES;
				GCC_WARN_ABOUT_RETURN_TYPE = YES_ERROR;
				GCC_WARN_UNDECLARED_SELECTOR = YES;
				GCC_WARN_UNINITIALIZED_AUTOS = YES_AGGRESSIVE;
				GCC_WARN_UNUSED_FUNCTION = YES;
				GCC_WARN_UNUSED_VARIABLE = YES;
				IPHONEOS_DEPLOYMENT_TARGET = 14.1;
				MTL_ENABLE_DEBUG_INFO = NO;
				MTL_FAST_MATH = YES;
				SDKROOT = iphoneos;
				SWIFT_COMPILATION_MODE = wholemodule;
				SWIFT_OPTIMIZATION_LEVEL = "-O";
				VALIDATE_PRODUCT = YES;
			};
			name = Release;
		};
		1844C9232555654900C69991 /* Debug */ = {
			isa = XCBuildConfiguration;
			buildSettings = {
				ASSETCATALOG_COMPILER_APPICON_NAME = AppIcon;
				ASSETCATALOG_COMPILER_GLOBAL_ACCENT_COLOR_NAME = AccentColor;
				CODE_SIGN_IDENTITY = "iPhone Developer";
				CODE_SIGN_STYLE = Manual;
				DEVELOPMENT_TEAM = N4686HA3AU;
				INFOPLIST_FILE = "codable使用/Info.plist";
				IPHONEOS_DEPLOYMENT_TARGET = 10.3;
				LD_RUNPATH_SEARCH_PATHS = (
					"$(inherited)",
					"@executable_path/Frameworks",
				);
				PRODUCT_BUNDLE_IDENTIFIER = "LS.codable--";
				PRODUCT_NAME = "$(TARGET_NAME)";
				PROVISIONING_PROFILE_SPECIFIER = mum_dev_all;
				SWIFT_VERSION = 5.0;
				TARGETED_DEVICE_FAMILY = "1,2";
			};
			name = Debug;
		};
		1844C9242555654900C69991 /* Release */ = {
			isa = XCBuildConfiguration;
			buildSettings = {
				ASSETCATALOG_COMPILER_APPICON_NAME = AppIcon;
				ASSETCATALOG_COMPILER_GLOBAL_ACCENT_COLOR_NAME = AccentColor;
				CODE_SIGN_IDENTITY = "iPhone Developer";
				CODE_SIGN_STYLE = Manual;
				DEVELOPMENT_TEAM = N4686HA3AU;
				INFOPLIST_FILE = "codable使用/Info.plist";
				IPHONEOS_DEPLOYMENT_TARGET = 10.3;
				LD_RUNPATH_SEARCH_PATHS = (
					"$(inherited)",
					"@executable_path/Frameworks",
				);
				PRODUCT_BUNDLE_IDENTIFIER = "LS.codable--";
				PRODUCT_NAME = "$(TARGET_NAME)";
				PROVISIONING_PROFILE_SPECIFIER = mum_dev_all;
				SWIFT_VERSION = 5.0;
				TARGETED_DEVICE_FAMILY = "1,2";
			};
			name = Release;
		};
		1844C9262555654900C69991 /* Debug */ = {
			isa = XCBuildConfiguration;
			buildSettings = {
				ALWAYS_EMBED_SWIFT_STANDARD_LIBRARIES = YES;
				BUNDLE_LOADER = "$(TEST_HOST)";
				CODE_SIGN_STYLE = Automatic;
				DEVELOPMENT_TEAM = N4686HA3AU;
				INFOPLIST_FILE = "codable使用Tests/Info.plist";
				IPHONEOS_DEPLOYMENT_TARGET = 14.1;
				LD_RUNPATH_SEARCH_PATHS = (
					"$(inherited)",
					"@executable_path/Frameworks",
					"@loader_path/Frameworks",
				);
				PRODUCT_BUNDLE_IDENTIFIER = "LS.codable--Tests";
				PRODUCT_NAME = "$(TARGET_NAME)";
				SWIFT_VERSION = 5.0;
				TARGETED_DEVICE_FAMILY = "1,2";
				TEST_HOST = "$(BUILT_PRODUCTS_DIR)/codable使用.app/codable使用";
			};
			name = Debug;
		};
		1844C9272555654900C69991 /* Release */ = {
			isa = XCBuildConfiguration;
			buildSettings = {
				ALWAYS_EMBED_SWIFT_STANDARD_LIBRARIES = YES;
				BUNDLE_LOADER = "$(TEST_HOST)";
				CODE_SIGN_STYLE = Automatic;
				DEVELOPMENT_TEAM = N4686HA3AU;
				INFOPLIST_FILE = "codable使用Tests/Info.plist";
				IPHONEOS_DEPLOYMENT_TARGET = 14.1;
				LD_RUNPATH_SEARCH_PATHS = (
					"$(inherited)",
					"@executable_path/Frameworks",
					"@loader_path/Frameworks",
				);
				PRODUCT_BUNDLE_IDENTIFIER = "LS.codable--Tests";
				PRODUCT_NAME = "$(TARGET_NAME)";
				SWIFT_VERSION = 5.0;
				TARGETED_DEVICE_FAMILY = "1,2";
				TEST_HOST = "$(BUILT_PRODUCTS_DIR)/codable使用.app/codable使用";
			};
			name = Release;
		};
		1844C9292555654900C69991 /* Debug */ = {
			isa = XCBuildConfiguration;
			buildSettings = {
				ALWAYS_EMBED_SWIFT_STANDARD_LIBRARIES = YES;
				CODE_SIGN_STYLE = Automatic;
				DEVELOPMENT_TEAM = N4686HA3AU;
				INFOPLIST_FILE = "codable使用UITests/Info.plist";
				LD_RUNPATH_SEARCH_PATHS = (
					"$(inherited)",
					"@executable_path/Frameworks",
					"@loader_path/Frameworks",
				);
				PRODUCT_BUNDLE_IDENTIFIER = "LS.codable--UITests";
				PRODUCT_NAME = "$(TARGET_NAME)";
				SWIFT_VERSION = 5.0;
				TARGETED_DEVICE_FAMILY = "1,2";
				TEST_TARGET_NAME = "codable使用";
			};
			name = Debug;
		};
		1844C92A2555654900C69991 /* Release */ = {
			isa = XCBuildConfiguration;
			buildSettings = {
				ALWAYS_EMBED_SWIFT_STANDARD_LIBRARIES = YES;
				CODE_SIGN_STYLE = Automatic;
				DEVELOPMENT_TEAM = N4686HA3AU;
				INFOPLIST_FILE = "codable使用UITests/Info.plist";
				LD_RUNPATH_SEARCH_PATHS = (
					"$(inherited)",
					"@executable_path/Frameworks",
					"@loader_path/Frameworks",
				);
				PRODUCT_BUNDLE_IDENTIFIER = "LS.codable--UITests";
				PRODUCT_NAME = "$(TARGET_NAME)";
				SWIFT_VERSION = 5.0;
				TARGETED_DEVICE_FAMILY = "1,2";
				TEST_TARGET_NAME = "codable使用";
			};
			name = Release;
		};
/* End XCBuildConfiguration section */

/* Begin XCConfigurationList section */
		1844C8F32555654600C69991 /* Build configuration list for PBXProject "codable使用" */ = {
			isa = XCConfigurationList;
			buildConfigurations = (
				1844C9202555654900C69991 /* Debug */,
				1844C9212555654900C69991 /* Release */,
			);
			defaultConfigurationIsVisible = 0;
			defaultConfigurationName = Release;
		};
		1844C9222555654900C69991 /* Build configuration list for PBXNativeTarget "codable使用" */ = {
			isa = XCConfigurationList;
			buildConfigurations = (
				1844C9232555654900C69991 /* Debug */,
				1844C9242555654900C69991 /* Release */,
			);
			defaultConfigurationIsVisible = 0;
			defaultConfigurationName = Release;
		};
		1844C9252555654900C69991 /* Build configuration list for PBXNativeTarget "codable使用Tests" */ = {
			isa = XCConfigurationList;
			buildConfigurations = (
				1844C9262555654900C69991 /* Debug */,
				1844C9272555654900C69991 /* Release */,
			);
			defaultConfigurationIsVisible = 0;
			defaultConfigurationName = Release;
		};
		1844C9282555654900C69991 /* Build configuration list for PBXNativeTarget "codable使用UITests" */ = {
			isa = XCConfigurationList;
			buildConfigurations = (
				1844C9292555654900C69991 /* Debug */,
				1844C92A2555654900C69991 /* Release */,
			);
			defaultConfigurationIsVisible = 0;
			defaultConfigurationName = Release;
		};
/* End XCConfigurationList section */
	};
	rootObject = 1844C8F02555654600C69991 /* Project object */;
}
